
Microsoft Visual Studio Solution File, Format Version 12.00
# Visual Studio Version 17
VisualStudioVersion = 17.3.32819.101
MinimumVisualStudioVersion = 10.0.40219.1
Project("{FAE04EC0-301F-11D3-BF4B-00C04F79EFBC}") = "ManejoPresupuesto", "ManejoPresupuesto\ManejoPresupuesto.csproj", "{00D31042-412E-4205-9A3C-8B16BC2EE6F8}"
EndProject
Global
	GlobalSection(SolutionConfigurationPlatforms) = preSolution
		Debug|Any CPU = Debug|Any CPU
		Release|Any CPU = Release|Any CPU
	EndGlobalSection
	GlobalSection(ProjectConfigurationPlatforms) = postSolution
		{00D31042-412E-4205-9A3C-8B16BC2EE6F8}.Debug|Any CPU.ActiveCfg = Debug|Any CPU
		{00D31042-412E-4205-9A3C-8B16BC2EE6F8}.Debug|Any CPU.Build.0 = Debug|Any CPU
		{00D31042-412E-4205-9A3C-8B16BC2EE6F8}.Release|Any CPU.ActiveCfg = Release|Any CPU
		{00D31042-412E-4205-9A3C-8B16BC2EE6F8}.Release|Any CPU.Build.0 = Release|Any CPU
	EndGlobalSection
	GlobalSection(SolutionProperties) = preSolution
		HideSolutionNode = FALSE
	EndGlobalSection
	GlobalSection(ExtensibilityGlobals) = postSolution
		SolutionGuid = {FD1F7A31-90F8-4F3E-81B3-967C8EB7725B}
	EndGlobalSection
EndGlobal
